
Microsoft Visual Studio Solution File, Format Version 12.00
# Visual Studio 14
VisualStudioVersion = 14.0.22823.1
MinimumVisualStudioVersion = 10.0.40219.1
Project("{2150E333-8FDC-42A3-9474-1A3956D46DE8}") = "src", "src", "{F8637B18-5B46-4ECD-B35B-523D2FFB1320}"
EndProject
Project("{2150E333-8FDC-42A3-9474-1A3956D46DE8}") = "Solution Items", "Solution Items", "{C9BC9864-D60E-462A-92BC-69877B9DA8FB}"
	ProjectSection(SolutionItems) = preProject
		global.json = global.json
	EndProjectSection
EndProject
Project("{8BB2217D-0F2D-49D1-97BC-3654ED321F3B}") = "ASPNET5Experimental", "src\ASPNET5Experimental\ASPNET5Experimental.xproj", "{96E74344-97A7-4693-93CE-C0B1CFDBB1C7}"
EndProject
Global
	GlobalSection(SolutionConfigurationPlatforms) = preSolution
		Debug|Any CPU = Debug|Any CPU
		Release|Any CPU = Release|Any CPU
	EndGlobalSection
	GlobalSection(ProjectConfigurationPlatforms) = postSolution
		{96E74344-97A7-4693-93CE-C0B1CFDBB1C7}.Debug|Any CPU.ActiveCfg = Debug|Any CPU
		{96E74344-97A7-4693-93CE-C0B1CFDBB1C7}.Debug|Any CPU.Build.0 = Debug|Any CPU
		{96E74344-97A7-4693-93CE-C0B1CFDBB1C7}.Release|Any CPU.ActiveCfg = Release|Any CPU
		{96E74344-97A7-4693-93CE-C0B1CFDBB1C7}.Release|Any CPU.Build.0 = Release|Any CPU
	EndGlobalSection
	GlobalSection(SolutionProperties) = preSolution
		HideSolutionNode = FALSE
	EndGlobalSection
	GlobalSection(NestedProjects) = preSolution
		{96E74344-97A7-4693-93CE-C0B1CFDBB1C7} = {F8637B18-5B46-4ECD-B35B-523D2FFB1320}
	EndGlobalSection
EndGlobal
